{
  "nodes": {
    "home-manager": {
      "inputs": {
        "nixpkgs": [
          "nixpkgs"
        ],
        "utils": "utils"
      },
      "locked": {
        "lastModified": 1677509389,
        "narHash": "sha256-ry4dkSjIO0WuEbIDpTFV0W2iq2S26kWCv7EX2vKOWEI=",
        "owner": "nix-community",
        "repo": "home-manager",
        "rev": "ab7c8f4a8427bfcaf01a46bab974298cc27bc1f5",
        "type": "github"
      },
      "original": {
        "owner": "nix-community",
        "repo": "home-manager",
        "type": "github"
      }
    },
    "nixpkgs": {
      "locked": {
        "lastModified": 1677528718,
        "narHash": "sha256-rskvO/0vLo+FevKt+YVRfzhf1hEf6oHFlV3svZlNVdg=",
        "owner": "NixOS",
        "repo": "nixpkgs",
        "rev": "96a4c16d94627f5991f94b2c1344b293b6cdf30f",
        "type": "github"
      },
      "original": {
        "owner": "NixOS",
        "repo": "nixpkgs",
        "type": "github"
      }
    },
    "root": {
      "inputs": {
        "home-manager": "home-manager",
        "nixpkgs": "nixpkgs"
      }
    },
    "utils": {
      "locked": {
        "lastModified": 1667395993,
        "narHash": "sha256-nuEHfE/LcWyuSWnS8t12N1wc105Qtau+/OdUAjtQ0rA=",
        "owner": "numtide",
        "repo": "flake-utils",
        "rev": "5aed5285a952e0b949eb3ba02c12fa4fcfef535f",
        "type": "github"
      },
      "original": {
        "owner": "numtide",
        "repo": "flake-utils",
        "type": "github"
      }
    }
  },
  "root": "root",
  "version": 7
}
